
Microsoft Visual Studio Solution File, Format Version 12.00
# Visual Studio Version 16
VisualStudioVersion = 16.0.31205.134
MinimumVisualStudioVersion = 10.0.40219.1
Project("{FAE04EC0-301F-11D3-BF4B-00C04F79EFBC}") = "CardGame", "CardGame\CardGame.csproj", "{981786FA-5E83-4178-86A4-9B157B682E40}"
EndProject
Project("{FAE04EC0-301F-11D3-BF4B-00C04F79EFBC}") = "CardGame.Tests", "CardGame.Tests\CardGame.Tests.csproj", "{1386D4CB-D0C7-4D04-A971-B80A24FFC545}"
EndProject
Global
	GlobalSection(SolutionConfigurationPlatforms) = preSolution
		Debug|Any CPU = Debug|Any CPU
		Release|Any CPU = Release|Any CPU
	EndGlobalSection
	GlobalSection(ProjectConfigurationPlatforms) = postSolution
		{981786FA-5E83-4178-86A4-9B157B682E40}.Debug|Any CPU.ActiveCfg = Debug|Any CPU
		{981786FA-5E83-4178-86A4-9B157B682E40}.Debug|Any CPU.Build.0 = Debug|Any CPU
		{981786FA-5E83-4178-86A4-9B157B682E40}.Release|Any CPU.ActiveCfg = Release|Any CPU
		{981786FA-5E83-4178-86A4-9B157B682E40}.Release|Any CPU.Build.0 = Release|Any CPU
		{1386D4CB-D0C7-4D04-A971-B80A24FFC545}.Debug|Any CPU.ActiveCfg = Debug|Any CPU
		{1386D4CB-D0C7-4D04-A971-B80A24FFC545}.Debug|Any CPU.Build.0 = Debug|Any CPU
		{1386D4CB-D0C7-4D04-A971-B80A24FFC545}.Release|Any CPU.ActiveCfg = Release|Any CPU
		{1386D4CB-D0C7-4D04-A971-B80A24FFC545}.Release|Any CPU.Build.0 = Release|Any CPU
	EndGlobalSection
	GlobalSection(SolutionProperties) = preSolution
		HideSolutionNode = FALSE
	EndGlobalSection
	GlobalSection(ExtensibilityGlobals) = postSolution
		SolutionGuid = {F73E252A-EDA4-45E7-B4C8-80EA3586E19D}
	EndGlobalSection
EndGlobal
